
Microsoft Visual Studio Solution File, Format Version 12.00
# Visual Studio Version 17
VisualStudioVersion = 17.0.31919.166
MinimumVisualStudioVersion = 10.0.40219.1
Project("{FAE04EC0-301F-11D3-BF4B-00C04F79EFBC}") = "CWG", "CWG.csproj", "{50BC6163-A95A-4563-8AFC-9B8F8040329F}"
EndProject
Global
	GlobalSection(SolutionConfigurationPlatforms) = preSolution
		Debug|Any CPU = Debug|Any CPU
		Release|Any CPU = Release|Any CPU
	EndGlobalSection
	GlobalSection(ProjectConfigurationPlatforms) = postSolution
		{50BC6163-A95A-4563-8AFC-9B8F8040329F}.Debug|Any CPU.ActiveCfg = Debug|Any CPU
		{50BC6163-A95A-4563-8AFC-9B8F8040329F}.Debug|Any CPU.Build.0 = Debug|Any CPU
		{50BC6163-A95A-4563-8AFC-9B8F8040329F}.Release|Any CPU.ActiveCfg = Release|Any CPU
		{50BC6163-A95A-4563-8AFC-9B8F8040329F}.Release|Any CPU.Build.0 = Release|Any CPU
	EndGlobalSection
	GlobalSection(SolutionProperties) = preSolution
		HideSolutionNode = FALSE
	EndGlobalSection
	GlobalSection(ExtensibilityGlobals) = postSolution
		SolutionGuid = {4B90951B-C258-465B-B378-EC747848185A}
	EndGlobalSection
EndGlobal
